
Microsoft Visual Studio Solution File, Format Version 12.00
# Visual Studio 15
VisualStudioVersion = 15.0.27428.2043
MinimumVisualStudioVersion = 10.0.40219.1
Project("{FAE04EC0-301F-11D3-BF4B-00C04F79EFBC}") = "AppDesktop", "AppDesktop\AppDesktop.csproj", "{D4AE3953-1DE9-4E2A-AAB6-014CC6A37E29}"
EndProject
Project("{FAE04EC0-301F-11D3-BF4B-00C04F79EFBC}") = "Imagenes", "Imagenes\Imagenes.csproj", "{6E247D3F-928D-4919-BE50-7E6962089D75}"
EndProject
Global
	GlobalSection(SolutionConfigurationPlatforms) = preSolution
		Debug|Any CPU = Debug|Any CPU
		Release|Any CPU = Release|Any CPU
	EndGlobalSection
	GlobalSection(ProjectConfigurationPlatforms) = postSolution
		{D4AE3953-1DE9-4E2A-AAB6-014CC6A37E29}.Debug|Any CPU.ActiveCfg = Debug|Any CPU
		{D4AE3953-1DE9-4E2A-AAB6-014CC6A37E29}.Debug|Any CPU.Build.0 = Debug|Any CPU
		{D4AE3953-1DE9-4E2A-AAB6-014CC6A37E29}.Release|Any CPU.ActiveCfg = Release|Any CPU
		{D4AE3953-1DE9-4E2A-AAB6-014CC6A37E29}.Release|Any CPU.Build.0 = Release|Any CPU
		{6E247D3F-928D-4919-BE50-7E6962089D75}.Debug|Any CPU.ActiveCfg = Debug|Any CPU
		{6E247D3F-928D-4919-BE50-7E6962089D75}.Debug|Any CPU.Build.0 = Debug|Any CPU
		{6E247D3F-928D-4919-BE50-7E6962089D75}.Release|Any CPU.ActiveCfg = Release|Any CPU
		{6E247D3F-928D-4919-BE50-7E6962089D75}.Release|Any CPU.Build.0 = Release|Any CPU
	EndGlobalSection
	GlobalSection(SolutionProperties) = preSolution
		HideSolutionNode = FALSE
	EndGlobalSection
	GlobalSection(ExtensibilityGlobals) = postSolution
		SolutionGuid = {D790ED7A-BF47-49BC-B5FB-B12B4F41A5BF}
	EndGlobalSection
EndGlobal
